
Microsoft Visual Studio Solution File, Format Version 12.00
# Visual Studio Version 17
VisualStudioVersion = 17.14.36717.8 d17.14
MinimumVisualStudioVersion = 10.0.40219.1
Project("{FAE04EC0-301F-11D3-BF4B-00C04F79EFBC}") = "L01-OOP", "L01-OOP\L01-OOP.csproj", "{B97CF6D5-D7B4-40F7-AFB3-7B11063B012D}"
EndProject
Global
	GlobalSection(SolutionConfigurationPlatforms) = preSolution
		Debug|Any CPU = Debug|Any CPU
		Release|Any CPU = Release|Any CPU
	EndGlobalSection
	GlobalSection(ProjectConfigurationPlatforms) = postSolution
		{B97CF6D5-D7B4-40F7-AFB3-7B11063B012D}.Debug|Any CPU.ActiveCfg = Debug|Any CPU
		{B97CF6D5-D7B4-40F7-AFB3-7B11063B012D}.Debug|Any CPU.Build.0 = Debug|Any CPU
		{B97CF6D5-D7B4-40F7-AFB3-7B11063B012D}.Release|Any CPU.ActiveCfg = Release|Any CPU
		{B97CF6D5-D7B4-40F7-AFB3-7B11063B012D}.Release|Any CPU.Build.0 = Release|Any CPU
	EndGlobalSection
	GlobalSection(SolutionProperties) = preSolution
		HideSolutionNode = FALSE
	EndGlobalSection
	GlobalSection(ExtensibilityGlobals) = postSolution
		SolutionGuid = {31AC8EAC-7892-4F92-B978-7040AB6AE10F}
	EndGlobalSection
EndGlobal
