
Microsoft Visual Studio Solution File, Format Version 12.00
# Visual Studio Version 17
VisualStudioVersion = 17.14.36717.8
MinimumVisualStudioVersion = 10.0.40219.1
Project("{FAE04EC0-301F-11D3-BF4B-00C04F79EFBC}") = "L01-OOP", "L01-OOP\L01-OOP.csproj", "{B97CF6D5-D7B4-40F7-AFB3-7B11063B012D}"
EndProject
Project("{FAE04EC0-301F-11D3-BF4B-00C04F79EFBC}") = "L02-Orokles", "L02-Orokles\L02-Orokles.csproj", "{957CC895-2432-4116-AFE5-84D774EE1CDC}"
EndProject
Project("{FAE04EC0-301F-11D3-BF4B-00C04F79EFBC}") = "L03-Interfesz", "L03-Interfesz\L03-Interfesz.csproj", "{D54C0DCF-F5C9-4F52-B131-D38ABD284494}"
EndProject
Global
	GlobalSection(SolutionConfigurationPlatforms) = preSolution
		Debug|Any CPU = Debug|Any CPU
		Release|Any CPU = Release|Any CPU
	EndGlobalSection
	GlobalSection(ProjectConfigurationPlatforms) = postSolution
		{B97CF6D5-D7B4-40F7-AFB3-7B11063B012D}.Debug|Any CPU.ActiveCfg = Debug|Any CPU
		{B97CF6D5-D7B4-40F7-AFB3-7B11063B012D}.Debug|Any CPU.Build.0 = Debug|Any CPU
		{B97CF6D5-D7B4-40F7-AFB3-7B11063B012D}.Release|Any CPU.ActiveCfg = Release|Any CPU
		{B97CF6D5-D7B4-40F7-AFB3-7B11063B012D}.Release|Any CPU.Build.0 = Release|Any CPU
		{957CC895-2432-4116-AFE5-84D774EE1CDC}.Debug|Any CPU.ActiveCfg = Debug|Any CPU
		{957CC895-2432-4116-AFE5-84D774EE1CDC}.Debug|Any CPU.Build.0 = Debug|Any CPU
		{957CC895-2432-4116-AFE5-84D774EE1CDC}.Release|Any CPU.ActiveCfg = Release|Any CPU
		{957CC895-2432-4116-AFE5-84D774EE1CDC}.Release|Any CPU.Build.0 = Release|Any CPU
		{D54C0DCF-F5C9-4F52-B131-D38ABD284494}.Debug|Any CPU.ActiveCfg = Debug|Any CPU
		{D54C0DCF-F5C9-4F52-B131-D38ABD284494}.Debug|Any CPU.Build.0 = Debug|Any CPU
		{D54C0DCF-F5C9-4F52-B131-D38ABD284494}.Release|Any CPU.ActiveCfg = Release|Any CPU
		{D54C0DCF-F5C9-4F52-B131-D38ABD284494}.Release|Any CPU.Build.0 = Release|Any CPU
	EndGlobalSection
	GlobalSection(SolutionProperties) = preSolution
		HideSolutionNode = FALSE
	EndGlobalSection
	GlobalSection(ExtensibilityGlobals) = postSolution
		SolutionGuid = {31AC8EAC-7892-4F92-B978-7040AB6AE10F}
	EndGlobalSection
EndGlobal
